
Microsoft Visual Studio Solution File, Format Version 12.00
# Visual Studio 2013
VisualStudioVersion = 12.0.40629.0
MinimumVisualStudioVersion = 10.0.40219.1
Project("{FAE04EC0-301F-11D3-BF4B-00C04F79EFBC}") = "1585Penguins", "1585Penguins\1585Penguins.csproj", "{92CDC4E5-DC26-4693-B30A-071D946312F9}"
EndProject
Project("{FAE04EC0-301F-11D3-BF4B-00C04F79EFBC}") = "1567SMS", "1567SMS\1567SMS.csproj", "{5B67C284-2277-4DE5-9070-94036A52AA2C}"
EndProject
Project("{FAE04EC0-301F-11D3-BF4B-00C04F79EFBC}") = "1263Elections", "1263Elections\1263Elections.csproj", "{4D119C90-DF37-4FE1-B144-33F56C649BF9}"
EndProject
Global
	GlobalSection(SolutionConfigurationPlatforms) = preSolution
		Debug|Any CPU = Debug|Any CPU
		Release|Any CPU = Release|Any CPU
	EndGlobalSection
	GlobalSection(ProjectConfigurationPlatforms) = postSolution
		{92CDC4E5-DC26-4693-B30A-071D946312F9}.Debug|Any CPU.ActiveCfg = Debug|Any CPU
		{92CDC4E5-DC26-4693-B30A-071D946312F9}.Debug|Any CPU.Build.0 = Debug|Any CPU
		{92CDC4E5-DC26-4693-B30A-071D946312F9}.Release|Any CPU.ActiveCfg = Release|Any CPU
		{92CDC4E5-DC26-4693-B30A-071D946312F9}.Release|Any CPU.Build.0 = Release|Any CPU
		{5B67C284-2277-4DE5-9070-94036A52AA2C}.Debug|Any CPU.ActiveCfg = Debug|Any CPU
		{5B67C284-2277-4DE5-9070-94036A52AA2C}.Debug|Any CPU.Build.0 = Debug|Any CPU
		{5B67C284-2277-4DE5-9070-94036A52AA2C}.Release|Any CPU.ActiveCfg = Release|Any CPU
		{5B67C284-2277-4DE5-9070-94036A52AA2C}.Release|Any CPU.Build.0 = Release|Any CPU
		{4D119C90-DF37-4FE1-B144-33F56C649BF9}.Debug|Any CPU.ActiveCfg = Debug|Any CPU
		{4D119C90-DF37-4FE1-B144-33F56C649BF9}.Debug|Any CPU.Build.0 = Debug|Any CPU
		{4D119C90-DF37-4FE1-B144-33F56C649BF9}.Release|Any CPU.ActiveCfg = Release|Any CPU
		{4D119C90-DF37-4FE1-B144-33F56C649BF9}.Release|Any CPU.Build.0 = Release|Any CPU
	EndGlobalSection
	GlobalSection(SolutionProperties) = preSolution
		HideSolutionNode = FALSE
	EndGlobalSection
EndGlobal
